PODS:
  - AFNetworking (2.6.3):
    - AFNetworking/NSURLConnection (= 2.6.3)
    - AFNetworking/NSURLSession (= 2.6.3)
    - AFNetworking/Reachability (= 2.6.3)
    - AFNetworking/Security (= 2.6.3)
    - AFNetworking/Serialization (= 2.6.3)
    - AFNetworking/UIKit (= 2.6.3)
  - AFNetworking/NSURLConnection (2.6.3):
    - AFNetworking/Reachability
    - AFNetworking/Security
    - AFNetworking/Serialization
  - AFNetworking/NSURLSession (2.6.3):
    - AFNetworking/Reachability
    - AFNetworking/Security
    - AFNetworking/Serialization
  - AFNetworking/Reachability (2.6.3)
  - AFNetworking/Security (2.6.3)
  - AFNetworking/Serialization (2.6.3)
  - AFNetworking/UIKit (2.6.3):
    - AFNetworking/NSURLConnection
    - AFNetworking/NSURLSession
  - CocoaLumberjack (2.2.0):
    - CocoaLumberjack/Default (= 2.2.0)
    - CocoaLumberjack/Extensions (= 2.2.0)
  - CocoaLumberjack/Core (2.2.0)
  - CocoaLumberjack/Default (2.2.0):
    - CocoaLumberjack/Core
  - CocoaLumberjack/Extensions (2.2.0):
    - CocoaLumberjack/Default
  - DLS-SWAPIServices (0.2.12):
    - AFNetworking (~> 2)
    - CocoaLumberjack (~> 2.2.0)
    - EasyMapping (= 0.15.4)
    - ITDispatchManagement (= 0.1.0)
    - NSDate-Escort (= 1.5.3)
    - PromiseKit (~> 1.7.6)
    - Realm (= 0.96.3)
    - Underscore.m (= 0.2.1)
  - EasyMapping (0.15.4):
    - EasyMapping/Core (= 0.15.4)
  - EasyMapping/Core (0.15.4)
  - Expecta (1.0.5)
  - ITDispatchManagement (0.1.0)
  - NSDate-Escort (1.5.3)
  - OMGHTTPURLRQ (3.2.4):
    - OMGHTTPURLRQ/RQ (= 3.2.4)
  - OMGHTTPURLRQ/FormURLEncode (3.2.4)
  - OMGHTTPURLRQ/RQ (3.2.4):
    - OMGHTTPURLRQ/FormURLEncode
    - OMGHTTPURLRQ/UserAgent
  - OMGHTTPURLRQ/UserAgent (3.2.4)
  - PromiseKit (1.7.7):
    - PromiseKit/CALayer (= 1.7.7)
    - PromiseKit/NSNotificationCenter (= 1.7.7)
    - PromiseKit/NSURLConnection (= 1.7.7)
    - PromiseKit/Pause (= 1.7.7)
    - PromiseKit/UIActionSheet (= 1.7.7)
    - PromiseKit/UIAlertView (= 1.7.7)
    - PromiseKit/UIView (= 1.7.7)
    - PromiseKit/UIViewController (= 1.7.7)
    - PromiseKit/Until (= 1.7.7)
    - PromiseKit/When (= 1.7.7)
  - PromiseKit/CALayer (1.7.7):
    - PromiseKit/Promise
  - PromiseKit/NSNotificationCenter (1.7.7):
    - PromiseKit/Promise
  - PromiseKit/NSURLConnection (1.7.7):
    - OMGHTTPURLRQ (~> 3.2)
    - PromiseKit/Promise
  - PromiseKit/Pause (1.7.7):
    - PromiseKit/Promise
  - PromiseKit/Promise (1.7.7)
  - PromiseKit/UIActionSheet (1.7.7):
    - PromiseKit/Promise
  - PromiseKit/UIAlertView (1.7.7):
    - PromiseKit/Promise
  - PromiseKit/UIView (1.7.7):
    - PromiseKit/Promise
  - PromiseKit/UIViewController (1.7.7):
    - PromiseKit/Promise
  - PromiseKit/Until (1.7.7):
    - PromiseKit/Promise
    - PromiseKit/When
  - PromiseKit/When (1.7.7):
    - PromiseKit/Promise
  - Realm (0.96.3):
    - Realm/Headers (= 0.96.3)
  - Realm/Headers (0.96.3)
  - Specta (1.0.5)
  - Underscore.m (0.2.1)

DEPENDENCIES:
  - DLS-SWAPIServices (from `../`)
  - Expecta
  - Specta

SPEC REPOS:
  https://github.com/cocoapods/specs.git:
    - AFNetworking
    - CocoaLumberjack
    - EasyMapping
    - Expecta
    - NSDate-Escort
    - OMGHTTPURLRQ
    - PromiseKit
    - Realm
    - Specta
    - Underscore.m
  "https://ioscocoa:111111@scm.instinctools.ru/scm/git/cocoapods.specs":
    - ITDispatchManagement

EXTERNAL SOURCES:
  DLS-SWAPIServices:
    :path: "../"

SPEC CHECKSUMS:
  AFNetworking: cb8d14a848e831097108418f5d49217339d4eb60
  CocoaLumberjack: 17fe8581f84914d5d7e6360f7c70022b173c3ae0
  DLS-SWAPIServices: 5e0143d298bd4771454579709f713bc93357ed82
  EasyMapping: e1f5942b26e1f5ae7129032117721a2972844f2f
  Expecta: e1c022fcd33910b6be89c291d2775b3fe27a89fe
  ITDispatchManagement: 86c25190f76d827a30aa0fab095e61c648043271
  NSDate-Escort: a01b1298d1ef3a79f6c205ef63a9781c41c8ee78
  OMGHTTPURLRQ: 9ac96bdf5c90a33f75836630729ea1adc312a9ed
  PromiseKit: 9007df2f9e2ef725467084ab3880cf932ab935a4
  Realm: 145d3cdf78a03aee71bde5381ad7e542bd541720
  Specta: ac94d110b865115fe60ff2c6d7281053c6f8e8a2
  Underscore.m: b86ca364d60509a39eb9c7886443c063b793aaba

PODFILE CHECKSUM: 3ec6b04619f7e66ed37e48f532974efdf05b87aa

COCOAPODS: 1.5.3
