PODS:
  - AFNetworking (2.6.3):
    - AFNetworking/NSURLConnection (= 2.6.3)
    - AFNetworking/NSURLSession (= 2.6.3)
    - AFNetworking/Reachability (= 2.6.3)
    - AFNetworking/Security (= 2.6.3)
    - AFNetworking/Serialization (= 2.6.3)
    - AFNetworking/UIKit (= 2.6.3)
  - AFNetworking/NSURLConnection (2.6.3):
    - AFNetworking/Reachability
    - AFNetworking/Security
    - AFNetworking/Serialization
  - AFNetworking/NSURLSession (2.6.3):
    - AFNetworking/Reachability
    - AFNetworking/Security
    - AFNetworking/Serialization
  - AFNetworking/Reachability (2.6.3)
  - AFNetworking/Security (2.6.3)
  - AFNetworking/Serialization (2.6.3)
  - AFNetworking/UIKit (2.6.3):
    - AFNetworking/NSURLConnection
    - AFNetworking/NSURLSession
  - Bolts/Tasks (1.6.0)
  - CocoaLumberjack (2.2.0):
    - CocoaLumberjack/Default (= 2.2.0)
    - CocoaLumberjack/Extensions (= 2.2.0)
  - CocoaLumberjack/Core (2.2.0)
  - CocoaLumberjack/Default (2.2.0):
    - CocoaLumberjack/Core
  - CocoaLumberjack/Extensions (2.2.0):
    - CocoaLumberjack/Default
  - DLS-SWAPIServices (0.2.12):
    - AFNetworking (~> 2)
    - Bolts/Tasks (~> 1.6)
    - CocoaLumberjack (~> 2.2.0)
    - EasyMapping (= 0.15.4)
    - ITDispatchManagement (= 0.1.0)
    - NSDate-Escort (= 1.5.3)
    - Realm (= 0.96.3)
    - Underscore.m (= 0.2.1)
  - EasyMapping (0.15.4):
    - EasyMapping/Core (= 0.15.4)
  - EasyMapping/Core (0.15.4)
  - Expecta (1.0.5)
  - ITDispatchManagement (0.1.0)
  - NSDate-Escort (1.5.3)
  - Realm (0.96.3):
    - Realm/Headers (= 0.96.3)
  - Realm/Headers (0.96.3)
  - Specta (1.0.5)
  - Underscore.m (0.2.1)

DEPENDENCIES:
  - DLS-SWAPIServices (from `../`)
  - Expecta
  - Specta

EXTERNAL SOURCES:
  DLS-SWAPIServices:
    :path: "../"

SPEC CHECKSUMS:
  AFNetworking: cb8d14a848e831097108418f5d49217339d4eb60
  Bolts: f52a250053bb517ca874523c3913776359ab3def
  CocoaLumberjack: 17fe8581f84914d5d7e6360f7c70022b173c3ae0
  DLS-SWAPIServices: 6de0f22472ac1a861c0ee934276f70e97e12904d
  EasyMapping: e1f5942b26e1f5ae7129032117721a2972844f2f
  Expecta: e1c022fcd33910b6be89c291d2775b3fe27a89fe
  ITDispatchManagement: 86c25190f76d827a30aa0fab095e61c648043271
  NSDate-Escort: a01b1298d1ef3a79f6c205ef63a9781c41c8ee78
  Realm: 145d3cdf78a03aee71bde5381ad7e542bd541720
  Specta: ac94d110b865115fe60ff2c6d7281053c6f8e8a2
  Underscore.m: b86ca364d60509a39eb9c7886443c063b793aaba

COCOAPODS: 0.39.0
